// !$*UTF8*$!
{
	archiveVersion = 1;
	classes = {
	};
	objectVersion = 56;
	objects = {

/* Begin PBXBuildFile section */
		0A2152732A8D83F200F0CD40 /* AppDelegate.swift in Sources */ = {isa = PBXBuildFile; fileRef = 0A2152722A8D83F200F0CD40 /* AppDelegate.swift */; };
		0A2152752A8D83F200F0CD40 /* SceneDelegate.swift in Sources */ = {isa = PBXBuildFile; fileRef = 0A2152742A8D83F200F0CD40 /* SceneDelegate.swift */; };
		0A2152772A8D83F200F0CD40 /* MainScreenViewController.swift in Sources */ = {isa = PBXBuildFile; fileRef = 0A2152762A8D83F200F0CD40 /* MainScreenViewController.swift */; };
		0A21527C2A8D83F400F0CD40 /* Assets.xcassets in Resources */ = {isa = PBXBuildFile; fileRef = 0A21527B2A8D83F400F0CD40 /* Assets.xcassets */; };
		0A21527F2A8D83F400F0CD40 /* LaunchScreen.storyboard in Resources */ = {isa = PBXBuildFile; fileRef = 0A21527D2A8D83F400F0CD40 /* LaunchScreen.storyboard */; };
		0A21528C2A8D925900F0CD40 /* NetworkManager.swift in Sources */ = {isa = PBXBuildFile; fileRef = 0A21528B2A8D925900F0CD40 /* NetworkManager.swift */; };
		0A2152942A8DE5DD00F0CD40 /* CardCell.swift in Sources */ = {isa = PBXBuildFile; fileRef = 0A2152932A8DE5DD00F0CD40 /* CardCell.swift */; };
		0A2152A32A925AFE00F0CD40 /* InfoAndData.swift in Sources */ = {isa = PBXBuildFile; fileRef = 0A2152A22A925AFE00F0CD40 /* InfoAndData.swift */; };
		0A2152CE2A93D1FE00F0CD40 /* DetailsScreenViewController.swift in Sources */ = {isa = PBXBuildFile; fileRef = 0A2152CD2A93D1FE00F0CD40 /* DetailsScreenViewController.swift */; };
		0A2152D22A93D4DC00F0CD40 /* PhotoCardCell.swift in Sources */ = {isa = PBXBuildFile; fileRef = 0A2152D12A93D4DB00F0CD40 /* PhotoCardCell.swift */; };
		0A2152D62A93DC0B00F0CD40 /* InfoCardCell.swift in Sources */ = {isa = PBXBuildFile; fileRef = 0A2152D52A93DC0B00F0CD40 /* InfoCardCell.swift */; };
		0A2152DB2A940E3700F0CD40 /* OriginCardCell.swift in Sources */ = {isa = PBXBuildFile; fileRef = 0A2152DA2A940E3700F0CD40 /* OriginCardCell.swift */; };
		0A2152DD2A94162C00F0CD40 /* EpisodeCardCell.swift in Sources */ = {isa = PBXBuildFile; fileRef = 0A2152DC2A94162C00F0CD40 /* EpisodeCardCell.swift */; };
		0A2152E02A9419FD00F0CD40 /* HeaderReusableView.swift in Sources */ = {isa = PBXBuildFile; fileRef = 0A2152DF2A9419FD00F0CD40 /* HeaderReusableView.swift */; };
/* End PBXBuildFile section */

/* Begin PBXFileReference section */
		0A21526F2A8D83F200F0CD40 /* RM1.app */ = {isa = PBXFileReference; explicitFileType = wrapper.application; includeInIndex = 0; path = RM1.app; sourceTree = BUILT_PRODUCTS_DIR; };
		0A2152722A8D83F200F0CD40 /* AppDelegate.swift */ = {isa = PBXFileReference; lastKnownFileType = sourcecode.swift; path = AppDelegate.swift; sourceTree = "<group>"; };
		0A2152742A8D83F200F0CD40 /* SceneDelegate.swift */ = {isa = PBXFileReference; lastKnownFileType = sourcecode.swift; path = SceneDelegate.swift; sourceTree = "<group>"; };
		0A2152762A8D83F200F0CD40 /* MainScreenViewController.swift */ = {isa = PBXFileReference; lastKnownFileType = sourcecode.swift; path = MainScreenViewController.swift; sourceTree = "<group>"; };
		0A21527B2A8D83F400F0CD40 /* Assets.xcassets */ = {isa = PBXFileReference; lastKnownFileType = folder.assetcatalog; path = Assets.xcassets; sourceTree = "<group>"; };
		0A21527E2A8D83F400F0CD40 /* Base */ = {isa = PBXFileReference; lastKnownFileType = file.storyboard; name = Base; path = Base.lproj/LaunchScreen.storyboard; sourceTree = "<group>"; };
		0A2152802A8D83F400F0CD40 /* Info.plist */ = {isa = PBXFileReference; lastKnownFileType = text.plist.xml; path = Info.plist; sourceTree = "<group>"; };
		0A21528B2A8D925900F0CD40 /* NetworkManager.swift */ = {isa = PBXFileReference; lastKnownFileType = sourcecode.swift; path = NetworkManager.swift; sourceTree = "<group>"; };
		0A2152932A8DE5DD00F0CD40 /* CardCell.swift */ = {isa = PBXFileReference; lastKnownFileType = sourcecode.swift; path = CardCell.swift; sourceTree = "<group>"; };
		0A2152A22A925AFE00F0CD40 /* InfoAndData.swift */ = {isa = PBXFileReference; lastKnownFileType = sourcecode.swift; path = InfoAndData.swift; sourceTree = "<group>"; };
		0A2152CD2A93D1FE00F0CD40 /* DetailsScreenViewController.swift */ = {isa = PBXFileReference; lastKnownFileType = sourcecode.swift; path = DetailsScreenViewController.swift; sourceTree = "<group>"; };
		0A2152D12A93D4DB00F0CD40 /* PhotoCardCell.swift */ = {isa = PBXFileReference; lastKnownFileType = sourcecode.swift; path = PhotoCardCell.swift; sourceTree = "<group>"; };
		0A2152D52A93DC0B00F0CD40 /* InfoCardCell.swift */ = {isa = PBXFileReference; lastKnownFileType = sourcecode.swift; path = InfoCardCell.swift; sourceTree = "<group>"; };
		0A2152DA2A940E3700F0CD40 /* OriginCardCell.swift */ = {isa = PBXFileReference; lastKnownFileType = sourcecode.swift; path = OriginCardCell.swift; sourceTree = "<group>"; };
		0A2152DC2A94162C00F0CD40 /* EpisodeCardCell.swift */ = {isa = PBXFileReference; lastKnownFileType = sourcecode.swift; path = EpisodeCardCell.swift; sourceTree = "<group>"; };
		0A2152DF2A9419FD00F0CD40 /* HeaderReusableView.swift */ = {isa = PBXFileReference; lastKnownFileType = sourcecode.swift; path = HeaderReusableView.swift; sourceTree = "<group>"; };
/* End PBXFileReference section */

/* Begin PBXFrameworksBuildPhase section */
		0A21526C2A8D83F200F0CD40 /* Frameworks */ = {
			isa = PBXFrameworksBuildPhase;
			buildActionMask = 2147483647;
			files = (
			);
			runOnlyForDeploymentPostprocessing = 0;
		};
/* End PBXFrameworksBuildPhase section */

/* Begin PBXGroup section */
		0A2152662A8D83F200F0CD40 = {
			isa = PBXGroup;
			children = (
				0A2152712A8D83F200F0CD40 /* RM1 */,
				0A2152702A8D83F200F0CD40 /* Products */,
			);
			sourceTree = "<group>";
		};
		0A2152702A8D83F200F0CD40 /* Products */ = {
			isa = PBXGroup;
			children = (
				0A21526F2A8D83F200F0CD40 /* RM1.app */,
			);
			name = Products;
			sourceTree = "<group>";
		};
		0A2152712A8D83F200F0CD40 /* RM1 */ = {
			isa = PBXGroup;
			children = (
				0A21528B2A8D925900F0CD40 /* NetworkManager.swift */,
				0A2152A22A925AFE00F0CD40 /* InfoAndData.swift */,
				0A2152722A8D83F200F0CD40 /* AppDelegate.swift */,
				0A2152742A8D83F200F0CD40 /* SceneDelegate.swift */,
				0A21527B2A8D83F400F0CD40 /* Assets.xcassets */,
				0A21527D2A8D83F400F0CD40 /* LaunchScreen.storyboard */,
				0A2152802A8D83F400F0CD40 /* Info.plist */,
				0A2152A02A92588100F0CD40 /* MainScreen */,
				0A2152A12A9258BA00F0CD40 /* DetailsScreen */,
			);
			path = RM1;
			sourceTree = "<group>";
		};
		0A2152992A92484A00F0CD40 /* CustomCells */ = {
			isa = PBXGroup;
			children = (
				0A2152D12A93D4DB00F0CD40 /* PhotoCardCell.swift */,
				0A2152D52A93DC0B00F0CD40 /* InfoCardCell.swift */,
				0A2152DA2A940E3700F0CD40 /* OriginCardCell.swift */,
				0A2152DC2A94162C00F0CD40 /* EpisodeCardCell.swift */,
			);
			path = CustomCells;
			sourceTree = "<group>";
		};
		0A2152A02A92588100F0CD40 /* MainScreen */ = {
			isa = PBXGroup;
			children = (
				0A2152762A8D83F200F0CD40 /* MainScreenViewController.swift */,
				0AA5A2632A944C6F00A75190 /* CustomCells */,
			);
			path = MainScreen;
			sourceTree = "<group>";
		};
		0A2152A12A9258BA00F0CD40 /* DetailsScreen */ = {
			isa = PBXGroup;
			children = (
				0A2152CD2A93D1FE00F0CD40 /* DetailsScreenViewController.swift */,
				0A2152DE2A9419DB00F0CD40 /* CustomHeader */,
				0A2152992A92484A00F0CD40 /* CustomCells */,
			);
			path = DetailsScreen;
			sourceTree = "<group>";
		};
		0A2152DE2A9419DB00F0CD40 /* CustomHeader */ = {
			isa = PBXGroup;
			children = (
				0A2152DF2A9419FD00F0CD40 /* HeaderReusableView.swift */,
			);
			path = CustomHeader;
			sourceTree = "<group>";
		};
		0AA5A2632A944C6F00A75190 /* CustomCells */ = {
			isa = PBXGroup;
			children = (
				0A2152932A8DE5DD00F0CD40 /* CardCell.swift */,
			);
			path = CustomCells;
			sourceTree = "<group>";
		};
/* End PBXGroup section */

/* Begin PBXNativeTarget section */
		0A21526E2A8D83F200F0CD40 /* RM1 */ = {
			isa = PBXNativeTarget;
			buildConfigurationList = 0A2152832A8D83F400F0CD40 /* Build configuration list for PBXNativeTarget "RM1" */;
			buildPhases = (
				0A21526B2A8D83F200F0CD40 /* Sources */,
				0A21526C2A8D83F200F0CD40 /* Frameworks */,
				0A21526D2A8D83F200F0CD40 /* Resources */,
			);
			buildRules = (
			);
			dependencies = (
			);
			name = RM1;
			packageProductDependencies = (
			);
			productName = RM1;
			productReference = 0A21526F2A8D83F200F0CD40 /* RM1.app */;
			productType = "com.apple.product-type.application";
		};
/* End PBXNativeTarget section */

/* Begin PBXProject section */
		0A2152672A8D83F200F0CD40 /* Project object */ = {
			isa = PBXProject;
			attributes = {
				BuildIndependentTargetsInParallel = 1;
				LastSwiftUpdateCheck = 1430;
				LastUpgradeCheck = 1430;
				TargetAttributes = {
					0A21526E2A8D83F200F0CD40 = {
						CreatedOnToolsVersion = 14.3.1;
					};
				};
			};
			buildConfigurationList = 0A21526A2A8D83F200F0CD40 /* Build configuration list for PBXProject "RM1" */;
			compatibilityVersion = "Xcode 14.0";
			developmentRegion = en;
			hasScannedForEncodings = 0;
			knownRegions = (
				en,
				Base,
			);
			mainGroup = 0A2152662A8D83F200F0CD40;
			packageReferences = (
			);
			productRefGroup = 0A2152702A8D83F200F0CD40 /* Products */;
			projectDirPath = "";
			projectRoot = "";
			targets = (
				0A21526E2A8D83F200F0CD40 /* RM1 */,
			);
		};
/* End PBXProject section */

/* Begin PBXResourcesBuildPhase section */
		0A21526D2A8D83F200F0CD40 /* Resources */ = {
			isa = PBXResourcesBuildPhase;
			buildActionMask = 2147483647;
			files = (
				0A21527F2A8D83F400F0CD40 /* LaunchScreen.storyboard in Resources */,
				0A21527C2A8D83F400F0CD40 /* Assets.xcassets in Resources */,
			);
			runOnlyForDeploymentPostprocessing = 0;
		};
/* End PBXResourcesBuildPhase section */

/* Begin PBXSourcesBuildPhase section */
		0A21526B2A8D83F200F0CD40 /* Sources */ = {
			isa = PBXSourcesBuildPhase;
			buildActionMask = 2147483647;
			files = (
				0A2152D22A93D4DC00F0CD40 /* PhotoCardCell.swift in Sources */,
				0A21528C2A8D925900F0CD40 /* NetworkManager.swift in Sources */,
				0A2152DB2A940E3700F0CD40 /* OriginCardCell.swift in Sources */,
				0A2152DD2A94162C00F0CD40 /* EpisodeCardCell.swift in Sources */,
				0A2152A32A925AFE00F0CD40 /* InfoAndData.swift in Sources */,
				0A2152E02A9419FD00F0CD40 /* HeaderReusableView.swift in Sources */,
				0A2152D62A93DC0B00F0CD40 /* InfoCardCell.swift in Sources */,
				0A2152772A8D83F200F0CD40 /* MainScreenViewController.swift in Sources */,
				0A2152CE2A93D1FE00F0CD40 /* DetailsScreenViewController.swift in Sources */,
				0A2152732A8D83F200F0CD40 /* AppDelegate.swift in Sources */,
				0A2152752A8D83F200F0CD40 /* SceneDelegate.swift in Sources */,
				0A2152942A8DE5DD00F0CD40 /* CardCell.swift in Sources */,
			);
			runOnlyForDeploymentPostprocessing = 0;
		};
/* End PBXSourcesBuildPhase section */

/* Begin PBXVariantGroup section */
		0A21527D2A8D83F400F0CD40 /* LaunchScreen.storyboard */ = {
			isa = PBXVariantGroup;
			children = (
				0A21527E2A8D83F400F0CD40 /* Base */,
			);
			name = LaunchScreen.storyboard;
			sourceTree = "<group>";
		};
/* End PBXVariantGroup section */

/* Begin XCBuildConfiguration section */
		0A2152812A8D83F400F0CD40 /* Debug */ = {
			isa = XCBuildConfiguration;
			buildSettings = {
				ALWAYS_SEARCH_USER_PATHS = NO;
				CLANG_ANALYZER_NONNULL = YES;
				CLANG_ANALYZER_NUMBER_OBJECT_CONVERSION = YES_AGGRESSIVE;
				CLANG_CXX_LANGUAGE_STANDARD = "gnu++20";
				CLANG_ENABLE_MODULES = YES;
				CLANG_ENABLE_OBJC_ARC = YES;
				CLANG_ENABLE_OBJC_WEAK = YES;
				CLANG_WARN_BLOCK_CAPTURE_AUTORELEASING = YES;
				CLANG_WARN_BOOL_CONVERSION = YES;
				CLANG_WARN_COMMA = YES;
				CLANG_WARN_CONSTANT_CONVERSION = YES;
				CLANG_WARN_DEPRECATED_OBJC_IMPLEMENTATIONS = YES;
				CLANG_WARN_DIRECT_OBJC_ISA_USAGE = YES_ERROR;
				CLANG_WARN_DOCUMENTATION_COMMENTS = YES;
				CLANG_WARN_EMPTY_BODY = YES;
				CLANG_WARN_ENUM_CONVERSION = YES;
				CLANG_WARN_INFINITE_RECURSION = YES;
				CLANG_WARN_INT_CONVERSION = YES;
				CLANG_WARN_NON_LITERAL_NULL_CONVERSION = YES;
				CLANG_WARN_OBJC_IMPLICIT_RETAIN_SELF = YES;
				CLANG_WARN_OBJC_LITERAL_CONVERSION = YES;
				CLANG_WARN_OBJC_ROOT_CLASS = YES_ERROR;
				CLANG_WARN_QUOTED_INCLUDE_IN_FRAMEWORK_HEADER = YES;
				CLANG_WARN_RANGE_LOOP_ANALYSIS = YES;
				CLANG_WARN_STRICT_PROTOTYPES = YES;
				CLANG_WARN_SUSPICIOUS_MOVE = YES;
				CLANG_WARN_UNGUARDED_AVAILABILITY = YES_AGGRESSIVE;
				CLANG_WARN_UNREACHABLE_CODE = YES;
				CLANG_WARN__DUPLICATE_METHOD_MATCH = YES;
				COPY_PHASE_STRIP = NO;
				DEBUG_INFORMATION_FORMAT = dwarf;
				ENABLE_STRICT_OBJC_MSGSEND = YES;
				ENABLE_TESTABILITY = YES;
				GCC_C_LANGUAGE_STANDARD = gnu11;
				GCC_DYNAMIC_NO_PIC = NO;
				GCC_NO_COMMON_BLOCKS = YES;
				GCC_OPTIMIZATION_LEVEL = 0;
				GCC_PREPROCESSOR_DEFINITIONS = (
					"DEBUG=1",
					"$(inherited)",
				);
				GCC_WARN_64_TO_32_BIT_CONVERSION = YES;
				GCC_WARN_ABOUT_RETURN_TYPE = YES_ERROR;
				GCC_WARN_UNDECLARED_SELECTOR = YES;
				GCC_WARN_UNINITIALIZED_AUTOS = YES_AGGRESSIVE;
				GCC_WARN_UNUSED_FUNCTION = YES;
				GCC_WARN_UNUSED_VARIABLE = YES;
				IPHONEOS_DEPLOYMENT_TARGET = 16.4;
				MTL_ENABLE_DEBUG_INFO = INCLUDE_SOURCE;
				MTL_FAST_MATH = YES;
				ONLY_ACTIVE_ARCH = YES;
				SDKROOT = iphoneos;
				SWIFT_ACTIVE_COMPILATION_CONDITIONS = DEBUG;
				SWIFT_OPTIMIZATION_LEVEL = "-Onone";
			};
			name = Debug;
		};
		0A2152822A8D83F400F0CD40 /* Release */ = {
			isa = XCBuildConfiguration;
			buildSettings = {
				ALWAYS_SEARCH_USER_PATHS = NO;
				CLANG_ANALYZER_NONNULL = YES;
				CLANG_ANALYZER_NUMBER_OBJECT_CONVERSION = YES_AGGRESSIVE;
				CLANG_CXX_LANGUAGE_STANDARD = "gnu++20";
				CLANG_ENABLE_MODULES = YES;
				CLANG_ENABLE_OBJC_ARC = YES;
				CLANG_ENABLE_OBJC_WEAK = YES;
				CLANG_WARN_BLOCK_CAPTURE_AUTORELEASING = YES;
				CLANG_WARN_BOOL_CONVERSION = YES;
				CLANG_WARN_COMMA = YES;
				CLANG_WARN_CONSTANT_CONVERSION = YES;
				CLANG_WARN_DEPRECATED_OBJC_IMPLEMENTATIONS = YES;
				CLANG_WARN_DIRECT_OBJC_ISA_USAGE = YES_ERROR;
				CLANG_WARN_DOCUMENTATION_COMMENTS = YES;
				CLANG_WARN_EMPTY_BODY = YES;
				CLANG_WARN_ENUM_CONVERSION = YES;
				CLANG_WARN_INFINITE_RECURSION = YES;
				CLANG_WARN_INT_CONVERSION = YES;
				CLANG_WARN_NON_LITERAL_NULL_CONVERSION = YES;
				CLANG_WARN_OBJC_IMPLICIT_RETAIN_SELF = YES;
				CLANG_WARN_OBJC_LITERAL_CONVERSION = YES;
				CLANG_WARN_OBJC_ROOT_CLASS = YES_ERROR;
				CLANG_WARN_QUOTED_INCLUDE_IN_FRAMEWORK_HEADER = YES;
				CLANG_WARN_RANGE_LOOP_ANALYSIS = YES;
				CLANG_WARN_STRICT_PROTOTYPES = YES;
				CLANG_WARN_SUSPICIOUS_MOVE = YES;
				CLANG_WARN_UNGUARDED_AVAILABILITY = YES_AGGRESSIVE;
				CLANG_WARN_UNREACHABLE_CODE = YES;
				CLANG_WARN__DUPLICATE_METHOD_MATCH = YES;
				COPY_PHASE_STRIP = NO;
				DEBUG_INFORMATION_FORMAT = "dwarf-with-dsym";
				ENABLE_NS_ASSERTIONS = NO;
				ENABLE_STRICT_OBJC_MSGSEND = YES;
				GCC_C_LANGUAGE_STANDARD = gnu11;
				GCC_NO_COMMON_BLOCKS = YES;
				GCC_WARN_64_TO_32_BIT_CONVERSION = YES;
				GCC_WARN_ABOUT_RETURN_TYPE = YES_ERROR;
				GCC_WARN_UNDECLARED_SELECTOR = YES;
				GCC_WARN_UNINITIALIZED_AUTOS = YES_AGGRESSIVE;
				GCC_WARN_UNUSED_FUNCTION = YES;
				GCC_WARN_UNUSED_VARIABLE = YES;
				IPHONEOS_DEPLOYMENT_TARGET = 16.4;
				MTL_ENABLE_DEBUG_INFO = NO;
				MTL_FAST_MATH = YES;
				SDKROOT = iphoneos;
				SWIFT_COMPILATION_MODE = wholemodule;
				SWIFT_OPTIMIZATION_LEVEL = "-O";
				VALIDATE_PRODUCT = YES;
			};
			name = Release;
		};
		0A2152842A8D83F400F0CD40 /* Debug */ = {
			isa = XCBuildConfiguration;
			buildSettings = {
				ASSETCATALOG_COMPILER_APPICON_NAME = AppIcon;
				ASSETCATALOG_COMPILER_GLOBAL_ACCENT_COLOR_NAME = AccentColor;
				CODE_SIGN_STYLE = Automatic;
				CURRENT_PROJECT_VERSION = 1;
				DEVELOPMENT_TEAM = 73Z496PNBT;
				GENERATE_INFOPLIST_FILE = YES;
				INFOPLIST_FILE = RM1/Info.plist;
				INFOPLIST_KEY_UIApplicationSupportsIndirectInputEvents = YES;
				INFOPLIST_KEY_UILaunchStoryboardName = LaunchScreen;
				INFOPLIST_KEY_UIMainStoryboardFile = "";
				INFOPLIST_KEY_UISupportedInterfaceOrientations_iPad = "UIInterfaceOrientationPortrait UIInterfaceOrientationPortraitUpsideDown UIInterfaceOrientationLandscapeLeft UIInterfaceOrientationLandscapeRight";
				INFOPLIST_KEY_UISupportedInterfaceOrientations_iPhone = "UIInterfaceOrientationPortrait UIInterfaceOrientationLandscapeLeft UIInterfaceOrientationLandscapeRight";
				LD_RUNPATH_SEARCH_PATHS = (
					"$(inherited)",
					"@executable_path/Frameworks",
				);
				MARKETING_VERSION = 1.0;
				PRODUCT_BUNDLE_IDENTIFIER = ru.kniksees.RM1;
				PRODUCT_NAME = "$(TARGET_NAME)";
				SWIFT_EMIT_LOC_STRINGS = YES;
				SWIFT_VERSION = 5.0;
				TARGETED_DEVICE_FAMILY = "1,2";
			};
			name = Debug;
		};
		0A2152852A8D83F400F0CD40 /* Release */ = {
			isa = XCBuildConfiguration;
			buildSettings = {
				ASSETCATALOG_COMPILER_APPICON_NAME = AppIcon;
				ASSETCATALOG_COMPILER_GLOBAL_ACCENT_COLOR_NAME = AccentColor;
				CODE_SIGN_STYLE = Automatic;
				CURRENT_PROJECT_VERSION = 1;
				DEVELOPMENT_TEAM = 73Z496PNBT;
				GENERATE_INFOPLIST_FILE = YES;
				INFOPLIST_FILE = RM1/Info.plist;
				INFOPLIST_KEY_UIApplicationSupportsIndirectInputEvents = YES;
				INFOPLIST_KEY_UILaunchStoryboardName = LaunchScreen;
				INFOPLIST_KEY_UIMainStoryboardFile = "";
				INFOPLIST_KEY_UISupportedInterfaceOrientations_iPad = "UIInterfaceOrientationPortrait UIInterfaceOrientationPortraitUpsideDown UIInterfaceOrientationLandscapeLeft UIInterfaceOrientationLandscapeRight";
				INFOPLIST_KEY_UISupportedInterfaceOrientations_iPhone = "UIInterfaceOrientationPortrait UIInterfaceOrientationLandscapeLeft UIInterfaceOrientationLandscapeRight";
				LD_RUNPATH_SEARCH_PATHS = (
					"$(inherited)",
					"@executable_path/Frameworks",
				);
				MARKETING_VERSION = 1.0;
				PRODUCT_BUNDLE_IDENTIFIER = ru.kniksees.RM1;
				PRODUCT_NAME = "$(TARGET_NAME)";
				SWIFT_EMIT_LOC_STRINGS = YES;
				SWIFT_VERSION = 5.0;
				TARGETED_DEVICE_FAMILY = "1,2";
			};
			name = Release;
		};
/* End XCBuildConfiguration section */

/* Begin XCConfigurationList section */
		0A21526A2A8D83F200F0CD40 /* Build configuration list for PBXProject "RM1" */ = {
			isa = XCConfigurationList;
			buildConfigurations = (
				0A2152812A8D83F400F0CD40 /* Debug */,
				0A2152822A8D83F400F0CD40 /* Release */,
			);
			defaultConfigurationIsVisible = 0;
			defaultConfigurationName = Release;
		};
		0A2152832A8D83F400F0CD40 /* Build configuration list for PBXNativeTarget "RM1" */ = {
			isa = XCConfigurationList;
			buildConfigurations = (
				0A2152842A8D83F400F0CD40 /* Debug */,
				0A2152852A8D83F400F0CD40 /* Release */,
			);
			defaultConfigurationIsVisible = 0;
			defaultConfigurationName = Release;
		};
/* End XCConfigurationList section */
	};
	rootObject = 0A2152672A8D83F200F0CD40 /* Project object */;
}
